
Microsoft Visual Studio Solution File, Format Version 12.00
# Visual Studio Version 17
VisualStudioVersion = 17.3.32819.101
MinimumVisualStudioVersion = 10.0.40219.1
Project("{9A19103F-16F7-4668-BE54-9A1E7A4F7556}") = "congestion-tax-calculator-net-core", "congestion-tax-calculator-net-core.csproj", "{F498F534-30DC-49C1-89A3-3367422E2154}"
EndProject
Global
	GlobalSection(SolutionConfigurationPlatforms) = preSolution
		Debug|Any CPU = Debug|Any CPU
		Release|Any CPU = Release|Any CPU
	EndGlobalSection
	GlobalSection(ProjectConfigurationPlatforms) = postSolution
		{F498F534-30DC-49C1-89A3-3367422E2154}.Debug|Any CPU.ActiveCfg = Debug|Any CPU
		{F498F534-30DC-49C1-89A3-3367422E2154}.Debug|Any CPU.Build.0 = Debug|Any CPU
		{F498F534-30DC-49C1-89A3-3367422E2154}.Release|Any CPU.ActiveCfg = Release|Any CPU
		{F498F534-30DC-49C1-89A3-3367422E2154}.Release|Any CPU.Build.0 = Release|Any CPU
	EndGlobalSection
	GlobalSection(SolutionProperties) = preSolution
		HideSolutionNode = FALSE
	EndGlobalSection
	GlobalSection(ExtensibilityGlobals) = postSolution
		SolutionGuid = {169D73D5-25AC-4A66-A55A-D6C26D4D62BE}
	EndGlobalSection
EndGlobal
